// !$*UTF8*$!
{
	archiveVersion = 1;
	classes = {
	};
	objectVersion = 56;
	objects = {

/* Begin PBXBuildFile section */
		5E358EA92AA7847E007DD32F /* ScrumProgressViewStyle.swift in Sources */ = {isa = PBXBuildFile; fileRef = 5E358EA82AA7847E007DD32F /* ScrumProgressViewStyle.swift */; };
		5E358EAF2AA786B6007DD32F /* ScrumTimer.swift in Sources */ = {isa = PBXBuildFile; fileRef = 5E358EAE2AA786B6007DD32F /* ScrumTimer.swift */; };
		5E358EB12AA788AE007DD32F /* MeetingFooterView.swift in Sources */ = {isa = PBXBuildFile; fileRef = 5E358EB02AA788AE007DD32F /* MeetingFooterView.swift */; };
		5E358EB32AA78BFD007DD32F /* AVPlayer+Ding.swift in Sources */ = {isa = PBXBuildFile; fileRef = 5E358EB22AA78BFD007DD32F /* AVPlayer+Ding.swift */; };
		5E4FFFFB2AA77E9100D2F671 /* MeetingHeaderView.swift in Sources */ = {isa = PBXBuildFile; fileRef = 5E4FFFFA2AA77E9100D2F671 /* MeetingHeaderView.swift */; };
		5EC636952AA9134500DBECF0 /* ScrumStore.swift in Sources */ = {isa = PBXBuildFile; fileRef = 5EC636942AA9134500DBECF0 /* ScrumStore.swift */; };
		5EC636972AA91A1200DBECF0 /* ErrorWrapper.swift in Sources */ = {isa = PBXBuildFile; fileRef = 5EC636962AA91A1200DBECF0 /* ErrorWrapper.swift */; };
		5EC636992AA91AC800DBECF0 /* ErrorView.swift in Sources */ = {isa = PBXBuildFile; fileRef = 5EC636982AA91AC800DBECF0 /* ErrorView.swift */; };
		5EC6369B2AA921FB00DBECF0 /* MeetingTimerView.swift in Sources */ = {isa = PBXBuildFile; fileRef = 5EC6369A2AA921FB00DBECF0 /* MeetingTimerView.swift */; };
		5EC6369D2AA9235400DBECF0 /* SpeakerArc.swift in Sources */ = {isa = PBXBuildFile; fileRef = 5EC6369C2AA9235400DBECF0 /* SpeakerArc.swift */; };
		5EE320692AA8F1B200668DDE /* NewScrumSheet.swift in Sources */ = {isa = PBXBuildFile; fileRef = 5EE320682AA8F1B200668DDE /* NewScrumSheet.swift */; };
		5EE3206B2AA8F47B00668DDE /* History.swift in Sources */ = {isa = PBXBuildFile; fileRef = 5EE3206A2AA8F47B00668DDE /* History.swift */; };
		5EF360862A9688BF000C00EF /* ScrumdingerApp.swift in Sources */ = {isa = PBXBuildFile; fileRef = 5EF360852A9688BF000C00EF /* ScrumdingerApp.swift */; };
		5EF360882A9688BF000C00EF /* MeetingView.swift in Sources */ = {isa = PBXBuildFile; fileRef = 5EF360872A9688BF000C00EF /* MeetingView.swift */; };
		5EF3608A2A9688C0000C00EF /* Assets.xcassets in Resources */ = {isa = PBXBuildFile; fileRef = 5EF360892A9688C0000C00EF /* Assets.xcassets */; };
		5EF3608D2A9688C0000C00EF /* Preview Assets.xcassets in Resources */ = {isa = PBXBuildFile; fileRef = 5EF3608C2A9688C0000C00EF /* Preview Assets.xcassets */; };
		5EF3608F2A9688C0000C00EF /* Persistence.swift in Sources */ = {isa = PBXBuildFile; fileRef = 5EF3608E2A9688C0000C00EF /* Persistence.swift */; };
		5EF360922A9688C0000C00EF /* Scrumdinger.xcdatamodeld in Sources */ = {isa = PBXBuildFile; fileRef = 5EF360902A9688C0000C00EF /* Scrumdinger.xcdatamodeld */; };
		5EF3609A2A968D7D000C00EF /* Theme.swift in Sources */ = {isa = PBXBuildFile; fileRef = 5EF360992A968D7D000C00EF /* Theme.swift */; };
		5EF3609C2A968E1B000C00EF /* DailyScrum.swift in Sources */ = {isa = PBXBuildFile; fileRef = 5EF3609B2A968E1B000C00EF /* DailyScrum.swift */; };
		5EF3609F2A96A08F000C00EF /* CardView.swift in Sources */ = {isa = PBXBuildFile; fileRef = 5EF3609E2A96A08F000C00EF /* CardView.swift */; };
		5EF360A12A96A32C000C00EF /* TrailingIconLabelStyle.swift in Sources */ = {isa = PBXBuildFile; fileRef = 5EF360A02A96A32C000C00EF /* TrailingIconLabelStyle.swift */; };
		5EF360A32A96A485000C00EF /* ScrumsView.swift in Sources */ = {isa = PBXBuildFile; fileRef = 5EF360A22A96A485000C00EF /* ScrumsView.swift */; };
		5EF360A52A96B5B1000C00EF /* DetailView.swift in Sources */ = {isa = PBXBuildFile; fileRef = 5EF360A42A96B5B1000C00EF /* DetailView.swift */; };
		5EF360A72A96BE43000C00EF /* DetailEditView.swift in Sources */ = {isa = PBXBuildFile; fileRef = 5EF360A62A96BE43000C00EF /* DetailEditView.swift */; };
		5EF360A92A9807E3000C00EF /* ThemeView.swift in Sources */ = {isa = PBXBuildFile; fileRef = 5EF360A82A9807E3000C00EF /* ThemeView.swift */; };
		5EF360AB2A98096E000C00EF /* ThemePickerView.swift in Sources */ = {isa = PBXBuildFile; fileRef = 5EF360AA2A98096E000C00EF /* ThemePickerView.swift */; };
/* End PBXBuildFile section */

/* Begin PBXFileReference section */
		5E358EA82AA7847E007DD32F /* ScrumProgressViewStyle.swift */ = {isa = PBXFileReference; lastKnownFileType = sourcecode.swift; path = ScrumProgressViewStyle.swift; sourceTree = "<group>"; };
		5E358EAE2AA786B6007DD32F /* ScrumTimer.swift */ = {isa = PBXFileReference; lastKnownFileType = sourcecode.swift; path = ScrumTimer.swift; sourceTree = "<group>"; };
		5E358EB02AA788AE007DD32F /* MeetingFooterView.swift */ = {isa = PBXFileReference; lastKnownFileType = sourcecode.swift; path = MeetingFooterView.swift; sourceTree = "<group>"; };
		5E358EB22AA78BFD007DD32F /* AVPlayer+Ding.swift */ = {isa = PBXFileReference; lastKnownFileType = sourcecode.swift; path = "AVPlayer+Ding.swift"; sourceTree = "<group>"; };
		5E4FFFFA2AA77E9100D2F671 /* MeetingHeaderView.swift */ = {isa = PBXFileReference; lastKnownFileType = sourcecode.swift; path = MeetingHeaderView.swift; sourceTree = "<group>"; };
		5EC636942AA9134500DBECF0 /* ScrumStore.swift */ = {isa = PBXFileReference; lastKnownFileType = sourcecode.swift; path = ScrumStore.swift; sourceTree = "<group>"; };
		5EC636962AA91A1200DBECF0 /* ErrorWrapper.swift */ = {isa = PBXFileReference; lastKnownFileType = sourcecode.swift; path = ErrorWrapper.swift; sourceTree = "<group>"; };
		5EC636982AA91AC800DBECF0 /* ErrorView.swift */ = {isa = PBXFileReference; lastKnownFileType = sourcecode.swift; path = ErrorView.swift; sourceTree = "<group>"; };
		5EC6369A2AA921FB00DBECF0 /* MeetingTimerView.swift */ = {isa = PBXFileReference; lastKnownFileType = sourcecode.swift; path = MeetingTimerView.swift; sourceTree = "<group>"; };
		5EC6369C2AA9235400DBECF0 /* SpeakerArc.swift */ = {isa = PBXFileReference; lastKnownFileType = sourcecode.swift; path = SpeakerArc.swift; sourceTree = "<group>"; };
		5EE320682AA8F1B200668DDE /* NewScrumSheet.swift */ = {isa = PBXFileReference; lastKnownFileType = sourcecode.swift; path = NewScrumSheet.swift; sourceTree = "<group>"; };
		5EE3206A2AA8F47B00668DDE /* History.swift */ = {isa = PBXFileReference; lastKnownFileType = sourcecode.swift; path = History.swift; sourceTree = "<group>"; };
		5EF360822A9688BF000C00EF /* Scrumdinger.app */ = {isa = PBXFileReference; explicitFileType = wrapper.application; includeInIndex = 0; path = Scrumdinger.app; sourceTree = BUILT_PRODUCTS_DIR; };
		5EF360852A9688BF000C00EF /* ScrumdingerApp.swift */ = {isa = PBXFileReference; lastKnownFileType = sourcecode.swift; path = ScrumdingerApp.swift; sourceTree = "<group>"; };
		5EF360872A9688BF000C00EF /* MeetingView.swift */ = {isa = PBXFileReference; lastKnownFileType = sourcecode.swift; path = MeetingView.swift; sourceTree = "<group>"; };
		5EF360892A9688C0000C00EF /* Assets.xcassets */ = {isa = PBXFileReference; lastKnownFileType = folder.assetcatalog; path = Assets.xcassets; sourceTree = "<group>"; };
		5EF3608C2A9688C0000C00EF /* Preview Assets.xcassets */ = {isa = PBXFileReference; lastKnownFileType = folder.assetcatalog; path = "Preview Assets.xcassets"; sourceTree = "<group>"; };
		5EF3608E2A9688C0000C00EF /* Persistence.swift */ = {isa = PBXFileReference; lastKnownFileType = sourcecode.swift; path = Persistence.swift; sourceTree = "<group>"; };
		5EF360912A9688C0000C00EF /* Scrumdinger.xcdatamodel */ = {isa = PBXFileReference; lastKnownFileType = wrapper.xcdatamodel; path = Scrumdinger.xcdatamodel; sourceTree = "<group>"; };
		5EF360992A968D7D000C00EF /* Theme.swift */ = {isa = PBXFileReference; lastKnownFileType = sourcecode.swift; path = Theme.swift; sourceTree = "<group>"; };
		5EF3609B2A968E1B000C00EF /* DailyScrum.swift */ = {isa = PBXFileReference; lastKnownFileType = sourcecode.swift; path = DailyScrum.swift; sourceTree = "<group>"; };
		5EF3609E2A96A08F000C00EF /* CardView.swift */ = {isa = PBXFileReference; lastKnownFileType = sourcecode.swift; path = CardView.swift; sourceTree = "<group>"; };
		5EF360A02A96A32C000C00EF /* TrailingIconLabelStyle.swift */ = {isa = PBXFileReference; lastKnownFileType = sourcecode.swift; path = TrailingIconLabelStyle.swift; sourceTree = "<group>"; };
		5EF360A22A96A485000C00EF /* ScrumsView.swift */ = {isa = PBXFileReference; lastKnownFileType = sourcecode.swift; path = ScrumsView.swift; sourceTree = "<group>"; };
		5EF360A42A96B5B1000C00EF /* DetailView.swift */ = {isa = PBXFileReference; lastKnownFileType = sourcecode.swift; path = DetailView.swift; sourceTree = "<group>"; };
		5EF360A62A96BE43000C00EF /* DetailEditView.swift */ = {isa = PBXFileReference; lastKnownFileType = sourcecode.swift; path = DetailEditView.swift; sourceTree = "<group>"; };
		5EF360A82A9807E3000C00EF /* ThemeView.swift */ = {isa = PBXFileReference; lastKnownFileType = sourcecode.swift; path = ThemeView.swift; sourceTree = "<group>"; };
		5EF360AA2A98096E000C00EF /* ThemePickerView.swift */ = {isa = PBXFileReference; lastKnownFileType = sourcecode.swift; path = ThemePickerView.swift; sourceTree = "<group>"; };
/* End PBXFileReference section */

/* Begin PBXFrameworksBuildPhase section */
		5EF3607F2A9688BF000C00EF /* Frameworks */ = {
			isa = PBXFrameworksBuildPhase;
			buildActionMask = 2147483647;
			files = (
			);
			runOnlyForDeploymentPostprocessing = 0;
		};
/* End PBXFrameworksBuildPhase section */

/* Begin PBXGroup section */
		5EF360792A9688BE000C00EF = {
			isa = PBXGroup;
			children = (
				5EF360842A9688BF000C00EF /* Scrumdinger */,
				5EF360832A9688BF000C00EF /* Products */,
			);
			sourceTree = "<group>";
		};
		5EF360832A9688BF000C00EF /* Products */ = {
			isa = PBXGroup;
			children = (
				5EF360822A9688BF000C00EF /* Scrumdinger.app */,
			);
			name = Products;
			sourceTree = "<group>";
		};
		5EF360842A9688BF000C00EF /* Scrumdinger */ = {
			isa = PBXGroup;
			children = (
				5EF3609D2A96A075000C00EF /* View */,
				5EF360982A968D6C000C00EF /* Models */,
				5EF360852A9688BF000C00EF /* ScrumdingerApp.swift */,
				5EF360872A9688BF000C00EF /* MeetingView.swift */,
				5EF360892A9688C0000C00EF /* Assets.xcassets */,
				5EF3608E2A9688C0000C00EF /* Persistence.swift */,
				5EF360902A9688C0000C00EF /* Scrumdinger.xcdatamodeld */,
				5EF3608B2A9688C0000C00EF /* Preview Content */,
			);
			path = Scrumdinger;
			sourceTree = "<group>";
		};
		5EF3608B2A9688C0000C00EF /* Preview Content */ = {
			isa = PBXGroup;
			children = (
				5EF3608C2A9688C0000C00EF /* Preview Assets.xcassets */,
			);
			path = "Preview Content";
			sourceTree = "<group>";
		};
		5EF360982A968D6C000C00EF /* Models */ = {
			isa = PBXGroup;
			children = (
				5EF360992A968D7D000C00EF /* Theme.swift */,
				5EF3609B2A968E1B000C00EF /* DailyScrum.swift */,
				5E358EAE2AA786B6007DD32F /* ScrumTimer.swift */,
				5E358EB22AA78BFD007DD32F /* AVPlayer+Ding.swift */,
				5EE3206A2AA8F47B00668DDE /* History.swift */,
				5EC636942AA9134500DBECF0 /* ScrumStore.swift */,
				5EC636962AA91A1200DBECF0 /* ErrorWrapper.swift */,
			);
			path = Models;
			sourceTree = "<group>";
		};
		5EF3609D2A96A075000C00EF /* View */ = {
			isa = PBXGroup;
			children = (
				5EF360A02A96A32C000C00EF /* TrailingIconLabelStyle.swift */,
				5EF3609E2A96A08F000C00EF /* CardView.swift */,
				5EF360A22A96A485000C00EF /* ScrumsView.swift */,
				5EF360A42A96B5B1000C00EF /* DetailView.swift */,
				5EF360A62A96BE43000C00EF /* DetailEditView.swift */,
				5EF360A82A9807E3000C00EF /* ThemeView.swift */,
				5EF360AA2A98096E000C00EF /* ThemePickerView.swift */,
				5E4FFFFA2AA77E9100D2F671 /* MeetingHeaderView.swift */,
				5E358EA82AA7847E007DD32F /* ScrumProgressViewStyle.swift */,
				5E358EB02AA788AE007DD32F /* MeetingFooterView.swift */,
				5EE320682AA8F1B200668DDE /* NewScrumSheet.swift */,
				5EC636982AA91AC800DBECF0 /* ErrorView.swift */,
				5EC6369A2AA921FB00DBECF0 /* MeetingTimerView.swift */,
				5EC6369C2AA9235400DBECF0 /* SpeakerArc.swift */,
			);
			path = View;
			sourceTree = "<group>";
		};
/* End PBXGroup section */

/* Begin PBXNativeTarget section */
		5EF360812A9688BF000C00EF /* Scrumdinger */ = {
			isa = PBXNativeTarget;
			buildConfigurationList = 5EF360952A9688C0000C00EF /* Build configuration list for PBXNativeTarget "Scrumdinger" */;
			buildPhases = (
				5EF3607E2A9688BF000C00EF /* Sources */,
				5EF3607F2A9688BF000C00EF /* Frameworks */,
				5EF360802A9688BF000C00EF /* Resources */,
			);
			buildRules = (
			);
			dependencies = (
			);
			name = Scrumdinger;
			productName = Scrumdinger;
			productReference = 5EF360822A9688BF000C00EF /* Scrumdinger.app */;
			productType = "com.apple.product-type.application";
		};
/* End PBXNativeTarget section */

/* Begin PBXProject section */
		5EF3607A2A9688BE000C00EF /* Project object */ = {
			isa = PBXProject;
			attributes = {
				BuildIndependentTargetsInParallel = 1;
				LastSwiftUpdateCheck = 1430;
				LastUpgradeCheck = 1430;
				TargetAttributes = {
					5EF360812A9688BF000C00EF = {
						CreatedOnToolsVersion = 14.3.1;
					};
				};
			};
			buildConfigurationList = 5EF3607D2A9688BE000C00EF /* Build configuration list for PBXProject "Scrumdinger" */;
			compatibilityVersion = "Xcode 14.0";
			developmentRegion = en;
			hasScannedForEncodings = 0;
			knownRegions = (
				en,
				Base,
			);
			mainGroup = 5EF360792A9688BE000C00EF;
			productRefGroup = 5EF360832A9688BF000C00EF /* Products */;
			projectDirPath = "";
			projectRoot = "";
			targets = (
				5EF360812A9688BF000C00EF /* Scrumdinger */,
			);
		};
/* End PBXProject section */

/* Begin PBXResourcesBuildPhase section */
		5EF360802A9688BF000C00EF /* Resources */ = {
			isa = PBXResourcesBuildPhase;
			buildActionMask = 2147483647;
			files = (
				5EF3608D2A9688C0000C00EF /* Preview Assets.xcassets in Resources */,
				5EF3608A2A9688C0000C00EF /* Assets.xcassets in Resources */,
			);
			runOnlyForDeploymentPostprocessing = 0;
		};
/* End PBXResourcesBuildPhase section */

/* Begin PBXSourcesBuildPhase section */
		5EF3607E2A9688BF000C00EF /* Sources */ = {
			isa = PBXSourcesBuildPhase;
			buildActionMask = 2147483647;
			files = (
				5EF3609F2A96A08F000C00EF /* CardView.swift in Sources */,
				5EF360A32A96A485000C00EF /* ScrumsView.swift in Sources */,
				5EF3608F2A9688C0000C00EF /* Persistence.swift in Sources */,
				5EF360AB2A98096E000C00EF /* ThemePickerView.swift in Sources */,
				5EF360A52A96B5B1000C00EF /* DetailView.swift in Sources */,
				5EF360A92A9807E3000C00EF /* ThemeView.swift in Sources */,
				5EC6369B2AA921FB00DBECF0 /* MeetingTimerView.swift in Sources */,
				5E358EAF2AA786B6007DD32F /* ScrumTimer.swift in Sources */,
				5EE320692AA8F1B200668DDE /* NewScrumSheet.swift in Sources */,
				5EC636992AA91AC800DBECF0 /* ErrorView.swift in Sources */,
				5E358EB32AA78BFD007DD32F /* AVPlayer+Ding.swift in Sources */,
				5EF360882A9688BF000C00EF /* MeetingView.swift in Sources */,
				5E4FFFFB2AA77E9100D2F671 /* MeetingHeaderView.swift in Sources */,
				5E358EA92AA7847E007DD32F /* ScrumProgressViewStyle.swift in Sources */,
				5EF360A12A96A32C000C00EF /* TrailingIconLabelStyle.swift in Sources */,
				5E358EB12AA788AE007DD32F /* MeetingFooterView.swift in Sources */,
				5EC636972AA91A1200DBECF0 /* ErrorWrapper.swift in Sources */,
				5EC6369D2AA9235400DBECF0 /* SpeakerArc.swift in Sources */,
				5EE3206B2AA8F47B00668DDE /* History.swift in Sources */,
				5EF3609A2A968D7D000C00EF /* Theme.swift in Sources */,
				5EF360862A9688BF000C00EF /* ScrumdingerApp.swift in Sources */,
				5EF360A72A96BE43000C00EF /* DetailEditView.swift in Sources */,
				5EF3609C2A968E1B000C00EF /* DailyScrum.swift in Sources */,
				5EC636952AA9134500DBECF0 /* ScrumStore.swift in Sources */,
				5EF360922A9688C0000C00EF /* Scrumdinger.xcdatamodeld in Sources */,
			);
			runOnlyForDeploymentPostprocessing = 0;
		};
/* End PBXSourcesBuildPhase section */

/* Begin XCBuildConfiguration section */
		5EF360932A9688C0000C00EF /* Debug */ = {
			isa = XCBuildConfiguration;
			buildSettings = {
				ALWAYS_SEARCH_USER_PATHS = NO;
				CLANG_ANALYZER_NONNULL = YES;
				CLANG_ANALYZER_NUMBER_OBJECT_CONVERSION = YES_AGGRESSIVE;
				CLANG_CXX_LANGUAGE_STANDARD = "gnu++20";
				CLANG_ENABLE_MODULES = YES;
				CLANG_ENABLE_OBJC_ARC = YES;
				CLANG_ENABLE_OBJC_WEAK = YES;
				CLANG_WARN_BLOCK_CAPTURE_AUTORELEASING = YES;
				CLANG_WARN_BOOL_CONVERSION = YES;
				CLANG_WARN_COMMA = YES;
				CLANG_WARN_CONSTANT_CONVERSION = YES;
				CLANG_WARN_DEPRECATED_OBJC_IMPLEMENTATIONS = YES;
				CLANG_WARN_DIRECT_OBJC_ISA_USAGE = YES_ERROR;
				CLANG_WARN_DOCUMENTATION_COMMENTS = YES;
				CLANG_WARN_EMPTY_BODY = YES;
				CLANG_WARN_ENUM_CONVERSION = YES;
				CLANG_WARN_INFINITE_RECURSION = YES;
				CLANG_WARN_INT_CONVERSION = YES;
				CLANG_WARN_NON_LITERAL_NULL_CONVERSION = YES;
				CLANG_WARN_OBJC_IMPLICIT_RETAIN_SELF = YES;
				CLANG_WARN_OBJC_LITERAL_CONVERSION = YES;
				CLANG_WARN_OBJC_ROOT_CLASS = YES_ERROR;
				CLANG_WARN_QUOTED_INCLUDE_IN_FRAMEWORK_HEADER = YES;
				CLANG_WARN_RANGE_LOOP_ANALYSIS = YES;
				CLANG_WARN_STRICT_PROTOTYPES = YES;
				CLANG_WARN_SUSPICIOUS_MOVE = YES;
				CLANG_WARN_UNGUARDED_AVAILABILITY = YES_AGGRESSIVE;
				CLANG_WARN_UNREACHABLE_CODE = YES;
				CLANG_WARN__DUPLICATE_METHOD_MATCH = YES;
				COPY_PHASE_STRIP = NO;
				DEBUG_INFORMATION_FORMAT = dwarf;
				ENABLE_STRICT_OBJC_MSGSEND = YES;
				ENABLE_TESTABILITY = YES;
				GCC_C_LANGUAGE_STANDARD = gnu11;
				GCC_DYNAMIC_NO_PIC = NO;
				GCC_NO_COMMON_BLOCKS = YES;
				GCC_OPTIMIZATION_LEVEL = 0;
				GCC_PREPROCESSOR_DEFINITIONS = (
					"DEBUG=1",
					"$(inherited)",
				);
				GCC_WARN_64_TO_32_BIT_CONVERSION = YES;
				GCC_WARN_ABOUT_RETURN_TYPE = YES_ERROR;
				GCC_WARN_UNDECLARED_SELECTOR = YES;
				GCC_WARN_UNINITIALIZED_AUTOS = YES_AGGRESSIVE;
				GCC_WARN_UNUSED_FUNCTION = YES;
				GCC_WARN_UNUSED_VARIABLE = YES;
				IPHONEOS_DEPLOYMENT_TARGET = 16.4;
				MTL_ENABLE_DEBUG_INFO = INCLUDE_SOURCE;
				MTL_FAST_MATH = YES;
				ONLY_ACTIVE_ARCH = YES;
				SDKROOT = iphoneos;
				SWIFT_ACTIVE_COMPILATION_CONDITIONS = DEBUG;
				SWIFT_OPTIMIZATION_LEVEL = "-Onone";
			};
			name = Debug;
		};
		5EF360942A9688C0000C00EF /* Release */ = {
			isa = XCBuildConfiguration;
			buildSettings = {
				ALWAYS_SEARCH_USER_PATHS = NO;
				CLANG_ANALYZER_NONNULL = YES;
				CLANG_ANALYZER_NUMBER_OBJECT_CONVERSION = YES_AGGRESSIVE;
				CLANG_CXX_LANGUAGE_STANDARD = "gnu++20";
				CLANG_ENABLE_MODULES = YES;
				CLANG_ENABLE_OBJC_ARC = YES;
				CLANG_ENABLE_OBJC_WEAK = YES;
				CLANG_WARN_BLOCK_CAPTURE_AUTORELEASING = YES;
				CLANG_WARN_BOOL_CONVERSION = YES;
				CLANG_WARN_COMMA = YES;
				CLANG_WARN_CONSTANT_CONVERSION = YES;
				CLANG_WARN_DEPRECATED_OBJC_IMPLEMENTATIONS = YES;
				CLANG_WARN_DIRECT_OBJC_ISA_USAGE = YES_ERROR;
				CLANG_WARN_DOCUMENTATION_COMMENTS = YES;
				CLANG_WARN_EMPTY_BODY = YES;
				CLANG_WARN_ENUM_CONVERSION = YES;
				CLANG_WARN_INFINITE_RECURSION = YES;
				CLANG_WARN_INT_CONVERSION = YES;
				CLANG_WARN_NON_LITERAL_NULL_CONVERSION = YES;
				CLANG_WARN_OBJC_IMPLICIT_RETAIN_SELF = YES;
				CLANG_WARN_OBJC_LITERAL_CONVERSION = YES;
				CLANG_WARN_OBJC_ROOT_CLASS = YES_ERROR;
				CLANG_WARN_QUOTED_INCLUDE_IN_FRAMEWORK_HEADER = YES;
				CLANG_WARN_RANGE_LOOP_ANALYSIS = YES;
				CLANG_WARN_STRICT_PROTOTYPES = YES;
				CLANG_WARN_SUSPICIOUS_MOVE = YES;
				CLANG_WARN_UNGUARDED_AVAILABILITY = YES_AGGRESSIVE;
				CLANG_WARN_UNREACHABLE_CODE = YES;
				CLANG_WARN__DUPLICATE_METHOD_MATCH = YES;
				COPY_PHASE_STRIP = NO;
				DEBUG_INFORMATION_FORMAT = "dwarf-with-dsym";
				ENABLE_NS_ASSERTIONS = NO;
				ENABLE_STRICT_OBJC_MSGSEND = YES;
				GCC_C_LANGUAGE_STANDARD = gnu11;
				GCC_NO_COMMON_BLOCKS = YES;
				GCC_WARN_64_TO_32_BIT_CONVERSION = YES;
				GCC_WARN_ABOUT_RETURN_TYPE = YES_ERROR;
				GCC_WARN_UNDECLARED_SELECTOR = YES;
				GCC_WARN_UNINITIALIZED_AUTOS = YES_AGGRESSIVE;
				GCC_WARN_UNUSED_FUNCTION = YES;
				GCC_WARN_UNUSED_VARIABLE = YES;
				IPHONEOS_DEPLOYMENT_TARGET = 16.4;
				MTL_ENABLE_DEBUG_INFO = NO;
				MTL_FAST_MATH = YES;
				SDKROOT = iphoneos;
				SWIFT_COMPILATION_MODE = wholemodule;
				SWIFT_OPTIMIZATION_LEVEL = "-O";
				VALIDATE_PRODUCT = YES;
			};
			name = Release;
		};
		5EF360962A9688C0000C00EF /* Debug */ = {
			isa = XCBuildConfiguration;
			buildSettings = {
				ASSETCATALOG_COMPILER_APPICON_NAME = AppIcon;
				ASSETCATALOG_COMPILER_GLOBAL_ACCENT_COLOR_NAME = AccentColor;
				CODE_SIGN_STYLE = Automatic;
				CURRENT_PROJECT_VERSION = 1;
				DEVELOPMENT_ASSET_PATHS = "\"Scrumdinger/Preview Content\"";
				DEVELOPMENT_TEAM = D646ZE33ML;
				ENABLE_PREVIEWS = YES;
				GENERATE_INFOPLIST_FILE = YES;
				INFOPLIST_KEY_UIApplicationSceneManifest_Generation = YES;
				INFOPLIST_KEY_UIApplicationSupportsIndirectInputEvents = YES;
				INFOPLIST_KEY_UILaunchScreen_Generation = YES;
				INFOPLIST_KEY_UISupportedInterfaceOrientations_iPad = "UIInterfaceOrientationPortrait UIInterfaceOrientationPortraitUpsideDown UIInterfaceOrientationLandscapeLeft UIInterfaceOrientationLandscapeRight";
				INFOPLIST_KEY_UISupportedInterfaceOrientations_iPhone = "UIInterfaceOrientationPortrait UIInterfaceOrientationLandscapeLeft UIInterfaceOrientationLandscapeRight";
				LD_RUNPATH_SEARCH_PATHS = (
					"$(inherited)",
					"@executable_path/Frameworks",
				);
				MARKETING_VERSION = 1.0;
				PRODUCT_BUNDLE_IDENTIFIER = ZachCervi.Scrumdinger;
				PRODUCT_NAME = "$(TARGET_NAME)";
				SWIFT_EMIT_LOC_STRINGS = YES;
				SWIFT_VERSION = 5.0;
				TARGETED_DEVICE_FAMILY = "1,2";
			};
			name = Debug;
		};
		5EF360972A9688C0000C00EF /* Release */ = {
			isa = XCBuildConfiguration;
			buildSettings = {
				ASSETCATALOG_COMPILER_APPICON_NAME = AppIcon;
				ASSETCATALOG_COMPILER_GLOBAL_ACCENT_COLOR_NAME = AccentColor;
				CODE_SIGN_STYLE = Automatic;
				CURRENT_PROJECT_VERSION = 1;
				DEVELOPMENT_ASSET_PATHS = "\"Scrumdinger/Preview Content\"";
				DEVELOPMENT_TEAM = D646ZE33ML;
				ENABLE_PREVIEWS = YES;
				GENERATE_INFOPLIST_FILE = YES;
				INFOPLIST_KEY_UIApplicationSceneManifest_Generation = YES;
				INFOPLIST_KEY_UIApplicationSupportsIndirectInputEvents = YES;
				INFOPLIST_KEY_UILaunchScreen_Generation = YES;
				INFOPLIST_KEY_UISupportedInterfaceOrientations_iPad = "UIInterfaceOrientationPortrait UIInterfaceOrientationPortraitUpsideDown UIInterfaceOrientationLandscapeLeft UIInterfaceOrientationLandscapeRight";
				INFOPLIST_KEY_UISupportedInterfaceOrientations_iPhone = "UIInterfaceOrientationPortrait UIInterfaceOrientationLandscapeLeft UIInterfaceOrientationLandscapeRight";
				LD_RUNPATH_SEARCH_PATHS = (
					"$(inherited)",
					"@executable_path/Frameworks",
				);
				MARKETING_VERSION = 1.0;
				PRODUCT_BUNDLE_IDENTIFIER = ZachCervi.Scrumdinger;
				PRODUCT_NAME = "$(TARGET_NAME)";
				SWIFT_EMIT_LOC_STRINGS = YES;
				SWIFT_VERSION = 5.0;
				TARGETED_DEVICE_FAMILY = "1,2";
			};
			name = Release;
		};
/* End XCBuildConfiguration section */

/* Begin XCConfigurationList section */
		5EF3607D2A9688BE000C00EF /* Build configuration list for PBXProject "Scrumdinger" */ = {
			isa = XCConfigurationList;
			buildConfigurations = (
				5EF360932A9688C0000C00EF /* Debug */,
				5EF360942A9688C0000C00EF /* Release */,
			);
			defaultConfigurationIsVisible = 0;
			defaultConfigurationName = Release;
		};
		5EF360952A9688C0000C00EF /* Build configuration list for PBXNativeTarget "Scrumdinger" */ = {
			isa = XCConfigurationList;
			buildConfigurations = (
				5EF360962A9688C0000C00EF /* Debug */,
				5EF360972A9688C0000C00EF /* Release */,
			);
			defaultConfigurationIsVisible = 0;
			defaultConfigurationName = Release;
		};
/* End XCConfigurationList section */

/* Begin XCVersionGroup section */
		5EF360902A9688C0000C00EF /* Scrumdinger.xcdatamodeld */ = {
			isa = XCVersionGroup;
			children = (
				5EF360912A9688C0000C00EF /* Scrumdinger.xcdatamodel */,
			);
			currentVersion = 5EF360912A9688C0000C00EF /* Scrumdinger.xcdatamodel */;
			path = Scrumdinger.xcdatamodeld;
			sourceTree = "<group>";
			versionGroupType = wrapper.xcdatamodel;
		};
/* End XCVersionGroup section */
	};
	rootObject = 5EF3607A2A9688BE000C00EF /* Project object */;
}
